PODS:
  - Flutter (1.0.0)
  - flutter_to_airplay (0.0.1):
    - Flutter
    - Mux-Stats-AVPlayer
  - Mux-Stats-AVPlayer (1.4.1):
    - Mux-Stats-Core (~> 2.2)
  - Mux-Stats-Core (2.2.2)

DEPENDENCIES:
  - Flutter (from `Flutter`)
  - flutter_to_airplay (from `.symlinks/plugins/flutter_to_airplay/ios`)

SPEC REPOS:
  trunk:
    - Mux-Stats-AVPlayer
    - Mux-Stats-Core

EXTERNAL SOURCES:
  Flutter:
    :path: Flutter
  flutter_to_airplay:
    :path: ".symlinks/plugins/flutter_to_airplay/ios"

SPEC CHECKSUMS:
  Flutter: 0e3d915762c693b495b44d77113d4970485de6ec
  flutter_to_airplay: 3194fe6e4ca6ba1d9529c3c4194c32b9610d990f
  Mux-Stats-AVPlayer: 9147f545ec600e09b2fb93355c6a97550c84e854
  Mux-Stats-Core: 16b58f39b40a5277ab0742f2efaf544cee98792d

PODFILE CHECKSUM: aafe91acc616949ddb318b77800a7f51bffa2a4c

COCOAPODS: 1.9.3
